{
  "name": "node_modules_practice",
  "version": "1.0.0",
  "lockfileVersion": 2,
  "requires": true,
  "packages": {
    "": {
      "version": "1.0.0",
      "license": "ISC",
      "dependencies": {
        "distance-from": "^1.1.2"
      }
    },
    "node_modules/amonad": {
      "version": "0.8.5",
      "resolved": "https://registry.npmjs.org/amonad/-/amonad-0.8.5.tgz",
      "integrity": "sha512-hYpGf2bGIxUF+TaR/xt7k1FXi5roNA553xfTXZO07AMK4PXjAphIK0f9XjdSwNUHG0ZDzavOSB6RaF3KzTgtEg==",
      "dependencies": {
        "tslib": "^1.9.3"
      }
    },
    "node_modules/distance-from": {
      "version": "1.1.2",
      "resolved": "https://registry.npmjs.org/distance-from/-/distance-from-1.1.2.tgz",
      "integrity": "sha512-USH+DKr8rRRa/1LawlyRneNOuLRLmK1w77VDx1FGFG1f5NKY87F1cmWPxAOSw/DWQnKAiKrcpeRXvStOzNcRNQ==",
      "dependencies": {
        "amonad": "^0.8.2"
      }
    },
    "node_modules/tslib": {
      "version": "1.14.1",
      "resolved": "https://registry.npmjs.org/tslib/-/tslib-1.14.1.tgz",
      "integrity": "sha512-Xni35NKzjgMrwevysHTCArtLDpPvye8zV/0E4EyYn43P7/7qvQwPh9BGkHewbMulVntbigmcT7rdX3BNo9wRJg=="
    }
  },
  "dependencies": {
    "amonad": {
      "version": "0.8.5",
      "resolved": "https://registry.npmjs.org/amonad/-/amonad-0.8.5.tgz",
      "integrity": "sha512-hYpGf2bGIxUF+TaR/xt7k1FXi5roNA553xfTXZO07AMK4PXjAphIK0f9XjdSwNUHG0ZDzavOSB6RaF3KzTgtEg==",
      "requires": {
        "tslib": "^1.9.3"
      }
    },
    "distance-from": {
      "version": "1.1.2",
      "resolved": "https://registry.npmjs.org/distance-from/-/distance-from-1.1.2.tgz",
      "integrity": "sha512-USH+DKr8rRRa/1LawlyRneNOuLRLmK1w77VDx1FGFG1f5NKY87F1cmWPxAOSw/DWQnKAiKrcpeRXvStOzNcRNQ==",
      "requires": {
        "amonad": "^0.8.2"
      }
    },
    "tslib": {
      "version": "1.14.1",
      "resolved": "https://registry.npmjs.org/tslib/-/tslib-1.14.1.tgz",
      "integrity": "sha512-Xni35NKzjgMrwevysHTCArtLDpPvye8zV/0E4EyYn43P7/7qvQwPh9BGkHewbMulVntbigmcT7rdX3BNo9wRJg=="
    }
  }
}
